// !$*UTF8*$!
{
	archiveVersion = 1;
	classes = {
	};
	objectVersion = 55;
	objects = {

/* Begin PBXBuildFile section */
		04BF4F292A73E98700FB048B /* IQKeyboardManagerSwift in Frameworks */ = {isa = PBXBuildFile; productRef = 04BF4F282A73E98700FB048B /* IQKeyboardManagerSwift */; };
		04C0DE782A6E74E300AC141A /* AppDelegate.swift in Sources */ = {isa = PBXBuildFile; fileRef = 04C0DE772A6E74E300AC141A /* AppDelegate.swift */; };
		04C0DE7A2A6E74E300AC141A /* SceneDelegate.swift in Sources */ = {isa = PBXBuildFile; fileRef = 04C0DE792A6E74E300AC141A /* SceneDelegate.swift */; };
		04C0DE7C2A6E74E300AC141A /* ViewController.swift in Sources */ = {isa = PBXBuildFile; fileRef = 04C0DE7B2A6E74E300AC141A /* ViewController.swift */; };
		04C0DE7F2A6E74E300AC141A /* Main.storyboard in Resources */ = {isa = PBXBuildFile; fileRef = 04C0DE7D2A6E74E300AC141A /* Main.storyboard */; };
		04C0DE812A6E74E500AC141A /* Assets.xcassets in Resources */ = {isa = PBXBuildFile; fileRef = 04C0DE802A6E74E500AC141A /* Assets.xcassets */; };
		04C0DE842A6E74E500AC141A /* LaunchScreen.storyboard in Resources */ = {isa = PBXBuildFile; fileRef = 04C0DE822A6E74E500AC141A /* LaunchScreen.storyboard */; };
		04C7B59E2A7119BB00084541 /* Montserrat-Bold.ttf in Resources */ = {isa = PBXBuildFile; fileRef = 04C7B59C2A71140C00084541 /* Montserrat-Bold.ttf */; };
		04C7B59F2A7119BB00084541 /* Montserrat-Regular.ttf in Resources */ = {isa = PBXBuildFile; fileRef = 04C7B59D2A71140C00084541 /* Montserrat-Regular.ttf */; };
		04C7B5A12A711FCB00084541 /* Constants.swift in Sources */ = {isa = PBXBuildFile; fileRef = 04C7B5A02A711FCB00084541 /* Constants.swift */; };
		04C7B5A42A71241E00084541 /* RegisterViewController.swift in Sources */ = {isa = PBXBuildFile; fileRef = 04C7B5A32A71241E00084541 /* RegisterViewController.swift */; };
		04D30D242A751C9600C8ABE2 /* UIViewController + Extension.swift in Sources */ = {isa = PBXBuildFile; fileRef = 04D30D212A751C9600C8ABE2 /* UIViewController + Extension.swift */; };
		04D30D252A751C9600C8ABE2 /* String + Extension.swift in Sources */ = {isa = PBXBuildFile; fileRef = 04D30D222A751C9600C8ABE2 /* String + Extension.swift */; };
		04D30D262A751C9600C8ABE2 /* UIAlertController + Extension.swift in Sources */ = {isa = PBXBuildFile; fileRef = 04D30D232A751C9600C8ABE2 /* UIAlertController + Extension.swift */; };
		04D30D292A75302D00C8ABE2 /* ProgressHUD in Frameworks */ = {isa = PBXBuildFile; productRef = 04D30D282A75302D00C8ABE2 /* ProgressHUD */; };
		04DB8C162A73B96A00E982EC /* HomeViewController.swift in Sources */ = {isa = PBXBuildFile; fileRef = 04DB8C152A73B96A00E982EC /* HomeViewController.swift */; };
		04DB8C182A73C02600E982EC /* GoogleService-Info.plist in Resources */ = {isa = PBXBuildFile; fileRef = 04DB8C172A73C02600E982EC /* GoogleService-Info.plist */; };
		04DB8C1B2A73C14000E982EC /* FirebaseAuth in Frameworks */ = {isa = PBXBuildFile; productRef = 04DB8C1A2A73C14000E982EC /* FirebaseAuth */; };
		04DB8C1D2A73C14000E982EC /* FirebaseFirestore in Frameworks */ = {isa = PBXBuildFile; productRef = 04DB8C1C2A73C14000E982EC /* FirebaseFirestore */; };
		109CFD62DBEEB6672967FA2B /* Pods_Vaccination_NG.framework in Frameworks */ = {isa = PBXBuildFile; fileRef = 4DC5B370FEFA7CCC49F6FAE1 /* Pods_Vaccination_NG.framework */; };
/* End PBXBuildFile section */

/* Begin PBXFileReference section */
		00A923966486975E617D8C43 /* Pods-Vaccination NG.debug.xcconfig */ = {isa = PBXFileReference; includeInIndex = 1; lastKnownFileType = text.xcconfig; name = "Pods-Vaccination NG.debug.xcconfig"; path = "Target Support Files/Pods-Vaccination NG/Pods-Vaccination NG.debug.xcconfig"; sourceTree = "<group>"; };
		04BF4F232A73E2AB00FB048B /* Vaccination NG.entitlements */ = {isa = PBXFileReference; lastKnownFileType = text.plist.entitlements; path = "Vaccination NG.entitlements"; sourceTree = "<group>"; };
		04C0DE742A6E74E300AC141A /* Vaccination NG.app */ = {isa = PBXFileReference; explicitFileType = wrapper.application; includeInIndex = 0; path = "Vaccination NG.app"; sourceTree = BUILT_PRODUCTS_DIR; };
		04C0DE772A6E74E300AC141A /* AppDelegate.swift */ = {isa = PBXFileReference; lastKnownFileType = sourcecode.swift; path = AppDelegate.swift; sourceTree = "<group>"; };
		04C0DE792A6E74E300AC141A /* SceneDelegate.swift */ = {isa = PBXFileReference; lastKnownFileType = sourcecode.swift; path = SceneDelegate.swift; sourceTree = "<group>"; };
		04C0DE7B2A6E74E300AC141A /* ViewController.swift */ = {isa = PBXFileReference; lastKnownFileType = sourcecode.swift; path = ViewController.swift; sourceTree = "<group>"; };
		04C0DE7E2A6E74E300AC141A /* Base */ = {isa = PBXFileReference; lastKnownFileType = file.storyboard; name = Base; path = Base.lproj/Main.storyboard; sourceTree = "<group>"; };
		04C0DE802A6E74E500AC141A /* Assets.xcassets */ = {isa = PBXFileReference; lastKnownFileType = folder.assetcatalog; path = Assets.xcassets; sourceTree = "<group>"; };
		04C0DE832A6E74E500AC141A /* Base */ = {isa = PBXFileReference; lastKnownFileType = file.storyboard; name = Base; path = Base.lproj/LaunchScreen.storyboard; sourceTree = "<group>"; };
		04C0DE852A6E74E500AC141A /* Info.plist */ = {isa = PBXFileReference; lastKnownFileType = text.plist.xml; path = Info.plist; sourceTree = "<group>"; };
		04C7B59C2A71140C00084541 /* Montserrat-Bold.ttf */ = {isa = PBXFileReference; lastKnownFileType = file; name = "Montserrat-Bold.ttf"; path = "../../../../../../../Downloads/montserrat (1)/Montserrat-Bold.ttf"; sourceTree = "<group>"; };
		04C7B59D2A71140C00084541 /* Montserrat-Regular.ttf */ = {isa = PBXFileReference; lastKnownFileType = file; name = "Montserrat-Regular.ttf"; path = "../../../../../../../Downloads/montserrat (1)/Montserrat-Regular.ttf"; sourceTree = "<group>"; };
		04C7B5A02A711FCB00084541 /* Constants.swift */ = {isa = PBXFileReference; lastKnownFileType = sourcecode.swift; path = Constants.swift; sourceTree = "<group>"; };
		04C7B5A32A71241E00084541 /* RegisterViewController.swift */ = {isa = PBXFileReference; lastKnownFileType = sourcecode.swift; path = RegisterViewController.swift; sourceTree = "<group>"; };
		04D30D212A751C9600C8ABE2 /* UIViewController + Extension.swift */ = {isa = PBXFileReference; fileEncoding = 4; lastKnownFileType = sourcecode.swift; name = "UIViewController + Extension.swift"; path = "../../../../../../Downloads/UIViewController + Extension.swift"; sourceTree = "<group>"; };
		04D30D222A751C9600C8ABE2 /* String + Extension.swift */ = {isa = PBXFileReference; fileEncoding = 4; lastKnownFileType = sourcecode.swift; name = "String + Extension.swift"; path = "../../../../../../Downloads/String + Extension.swift"; sourceTree = "<group>"; };
		04D30D232A751C9600C8ABE2 /* UIAlertController + Extension.swift */ = {isa = PBXFileReference; fileEncoding = 4; lastKnownFileType = sourcecode.swift; name = "UIAlertController + Extension.swift"; path = "../../../../../../Downloads/UIAlertController + Extension.swift"; sourceTree = "<group>"; };
		04DB8C152A73B96A00E982EC /* HomeViewController.swift */ = {isa = PBXFileReference; lastKnownFileType = sourcecode.swift; path = HomeViewController.swift; sourceTree = "<group>"; };
		04DB8C172A73C02600E982EC /* GoogleService-Info.plist */ = {isa = PBXFileReference; fileEncoding = 4; lastKnownFileType = text.plist.xml; name = "GoogleService-Info.plist"; path = "../../../../../Downloads/GoogleService-Info.plist"; sourceTree = "<group>"; };
		4DC5B370FEFA7CCC49F6FAE1 /* Pods_Vaccination_NG.framework */ = {isa = PBXFileReference; explicitFileType = wrapper.framework; includeInIndex = 0; path = Pods_Vaccination_NG.framework; sourceTree = BUILT_PRODUCTS_DIR; };
		81A6529137B82992D77F5817 /* Pods-Vaccination NG.release.xcconfig */ = {isa = PBXFileReference; includeInIndex = 1; lastKnownFileType = text.xcconfig; name = "Pods-Vaccination NG.release.xcconfig"; path = "Target Support Files/Pods-Vaccination NG/Pods-Vaccination NG.release.xcconfig"; sourceTree = "<group>"; };
/* End PBXFileReference section */

/* Begin PBXFrameworksBuildPhase section */
		04C0DE712A6E74E300AC141A /* Frameworks */ = {
			isa = PBXFrameworksBuildPhase;
			buildActionMask = 2147483647;
			files = (
				04D30D292A75302D00C8ABE2 /* ProgressHUD in Frameworks */,
				109CFD62DBEEB6672967FA2B /* Pods_Vaccination_NG.framework in Frameworks */,
				04BF4F292A73E98700FB048B /* IQKeyboardManagerSwift in Frameworks */,
				04DB8C1B2A73C14000E982EC /* FirebaseAuth in Frameworks */,
				04DB8C1D2A73C14000E982EC /* FirebaseFirestore in Frameworks */,
			);
			runOnlyForDeploymentPostprocessing = 0;
		};
/* End PBXFrameworksBuildPhase section */

/* Begin PBXGroup section */
		0497F0B02A72691000EDCC70 /* Views */ = {
			isa = PBXGroup;
			children = (
				04C0DE822A6E74E500AC141A /* LaunchScreen.storyboard */,
				04C0DE7D2A6E74E300AC141A /* Main.storyboard */,
			);
			path = Views;
			sourceTree = "<group>";
		};
		04C0DE6B2A6E74E300AC141A = {
			isa = PBXGroup;
			children = (
				04C0DE762A6E74E300AC141A /* Vaccination NG */,
				04C0DE752A6E74E300AC141A /* Products */,
				79D10EEA6ADE47152B11E7DC /* Pods */,
				9319CFE1FE3A173EC620510D /* Frameworks */,
			);
			sourceTree = "<group>";
		};
		04C0DE752A6E74E300AC141A /* Products */ = {
			isa = PBXGroup;
			children = (
				04C0DE742A6E74E300AC141A /* Vaccination NG.app */,
			);
			name = Products;
			sourceTree = "<group>";
		};
		04C0DE762A6E74E300AC141A /* Vaccination NG */ = {
			isa = PBXGroup;
			children = (
				04BF4F232A73E2AB00FB048B /* Vaccination NG.entitlements */,
				04D30D202A751C8100C8ABE2 /* Extensions */,
				0497F0B02A72691000EDCC70 /* Views */,
				04C7B5A22A7123F500084541 /* Controllers */,
				04D73E0D2A6E81DA004611F2 /* Resources */,
				04C0DE772A6E74E300AC141A /* AppDelegate.swift */,
				04C0DE792A6E74E300AC141A /* SceneDelegate.swift */,
				04C0DE802A6E74E500AC141A /* Assets.xcassets */,
				04C0DE852A6E74E500AC141A /* Info.plist */,
				04DB8C172A73C02600E982EC /* GoogleService-Info.plist */,
				04C7B5A02A711FCB00084541 /* Constants.swift */,
			);
			path = "Vaccination NG";
			sourceTree = "<group>";
		};
		04C7B5A22A7123F500084541 /* Controllers */ = {
			isa = PBXGroup;
			children = (
				04C0DE7B2A6E74E300AC141A /* ViewController.swift */,
				04C7B5A32A71241E00084541 /* RegisterViewController.swift */,
				04DB8C152A73B96A00E982EC /* HomeViewController.swift */,
			);
			path = Controllers;
			sourceTree = "<group>";
		};
		04D30D202A751C8100C8ABE2 /* Extensions */ = {
			isa = PBXGroup;
			children = (
				04D30D222A751C9600C8ABE2 /* String + Extension.swift */,
				04D30D232A751C9600C8ABE2 /* UIAlertController + Extension.swift */,
				04D30D212A751C9600C8ABE2 /* UIViewController + Extension.swift */,
			);
			path = Extensions;
			sourceTree = "<group>";
		};
		04D73E0D2A6E81DA004611F2 /* Resources */ = {
			isa = PBXGroup;
			children = (
				04D73E0E2A6E81E8004611F2 /* Fonts */,
			);
			path = Resources;
			sourceTree = "<group>";
		};
		04D73E0E2A6E81E8004611F2 /* Fonts */ = {
			isa = PBXGroup;
			children = (
				04C7B59C2A71140C00084541 /* Montserrat-Bold.ttf */,
				04C7B59D2A71140C00084541 /* Montserrat-Regular.ttf */,
			);
			path = Fonts;
			sourceTree = "<group>";
		};
		79D10EEA6ADE47152B11E7DC /* Pods */ = {
			isa = PBXGroup;
			children = (
				00A923966486975E617D8C43 /* Pods-Vaccination NG.debug.xcconfig */,
				81A6529137B82992D77F5817 /* Pods-Vaccination NG.release.xcconfig */,
			);
			path = Pods;
			sourceTree = "<group>";
		};
		9319CFE1FE3A173EC620510D /* Frameworks */ = {
			isa = PBXGroup;
			children = (
				4DC5B370FEFA7CCC49F6FAE1 /* Pods_Vaccination_NG.framework */,
			);
			name = Frameworks;
			sourceTree = "<group>";
		};
/* End PBXGroup section */

/* Begin PBXNativeTarget section */
		04C0DE732A6E74E300AC141A /* Vaccination NG */ = {
			isa = PBXNativeTarget;
			buildConfigurationList = 04C0DE882A6E74E500AC141A /* Build configuration list for PBXNativeTarget "Vaccination NG" */;
			buildPhases = (
				367514D56E8AD43F7B79BA51 /* [CP] Check Pods Manifest.lock */,
				04C0DE702A6E74E300AC141A /* Sources */,
				04C0DE712A6E74E300AC141A /* Frameworks */,
				04C0DE722A6E74E300AC141A /* Resources */,
				CE5FAD6F0BC17C74AD1EF6BF /* [CP] Embed Pods Frameworks */,
			);
			buildRules = (
			);
			dependencies = (
			);
			name = "Vaccination NG";
			packageProductDependencies = (
				04DB8C1A2A73C14000E982EC /* FirebaseAuth */,
				04DB8C1C2A73C14000E982EC /* FirebaseFirestore */,
				04BF4F282A73E98700FB048B /* IQKeyboardManagerSwift */,
				04D30D282A75302D00C8ABE2 /* ProgressHUD */,
			);
			productName = "Vaccination NG";
			productReference = 04C0DE742A6E74E300AC141A /* Vaccination NG.app */;
			productType = "com.apple.product-type.application";
		};
/* End PBXNativeTarget section */

/* Begin PBXProject section */
		04C0DE6C2A6E74E300AC141A /* Project object */ = {
			isa = PBXProject;
			attributes = {
				BuildIndependentTargetsInParallel = 1;
				LastSwiftUpdateCheck = 1430;
				LastUpgradeCheck = 1430;
				TargetAttributes = {
					04C0DE732A6E74E300AC141A = {
						CreatedOnToolsVersion = 14.3.1;
					};
				};
			};
			buildConfigurationList = 04C0DE6F2A6E74E300AC141A /* Build configuration list for PBXProject "Vaccination NG" */;
			compatibilityVersion = "Xcode 13.0";
			developmentRegion = en;
			hasScannedForEncodings = 0;
			knownRegions = (
				en,
				Base,
			);
			mainGroup = 04C0DE6B2A6E74E300AC141A;
			packageReferences = (
				04DB8C192A73C14000E982EC /* XCRemoteSwiftPackageReference "firebase-ios-sdk" */,
				04BF4F272A73E98700FB048B /* XCRemoteSwiftPackageReference "IQKeyboardManager" */,
				04D30D272A75302C00C8ABE2 /* XCRemoteSwiftPackageReference "ProgressHUD" */,
			);
			productRefGroup = 04C0DE752A6E74E300AC141A /* Products */;
			projectDirPath = "";
			projectRoot = "";
			targets = (
				04C0DE732A6E74E300AC141A /* Vaccination NG */,
			);
		};
/* End PBXProject section */

/* Begin PBXResourcesBuildPhase section */
		04C0DE722A6E74E300AC141A /* Resources */ = {
			isa = PBXResourcesBuildPhase;
			buildActionMask = 2147483647;
			files = (
				04C7B59E2A7119BB00084541 /* Montserrat-Bold.ttf in Resources */,
				04C7B59F2A7119BB00084541 /* Montserrat-Regular.ttf in Resources */,
				04C0DE842A6E74E500AC141A /* LaunchScreen.storyboard in Resources */,
				04C0DE812A6E74E500AC141A /* Assets.xcassets in Resources */,
				04C0DE7F2A6E74E300AC141A /* Main.storyboard in Resources */,
				04DB8C182A73C02600E982EC /* GoogleService-Info.plist in Resources */,
			);
			runOnlyForDeploymentPostprocessing = 0;
		};
/* End PBXResourcesBuildPhase section */

/* Begin PBXShellScriptBuildPhase section */
		367514D56E8AD43F7B79BA51 /* [CP] Check Pods Manifest.lock */ = {
			isa = PBXShellScriptBuildPhase;
			buildActionMask = 2147483647;
			files = (
			);
			inputFileListPaths = (
			);
			inputPaths = (
				"${PODS_PODFILE_DIR_PATH}/Podfile.lock",
				"${PODS_ROOT}/Manifest.lock",
			);
			name = "[CP] Check Pods Manifest.lock";
			outputFileListPaths = (
			);
			outputPaths = (
				"$(DERIVED_FILE_DIR)/Pods-Vaccination NG-checkManifestLockResult.txt",
			);
			runOnlyForDeploymentPostprocessing = 0;
			shellPath = /bin/sh;
			shellScript = "diff \"${PODS_PODFILE_DIR_PATH}/Podfile.lock\" \"${PODS_ROOT}/Manifest.lock\" > /dev/null\nif [ $? != 0 ] ; then\n    # print error to STDERR\n    echo \"error: The sandbox is not in sync with the Podfile.lock. Run 'pod install' or update your CocoaPods installation.\" >&2\n    exit 1\nfi\n# This output is used by Xcode 'outputs' to avoid re-running this script phase.\necho \"SUCCESS\" > \"${SCRIPT_OUTPUT_FILE_0}\"\n";
			showEnvVarsInLog = 0;
		};
		CE5FAD6F0BC17C74AD1EF6BF /* [CP] Embed Pods Frameworks */ = {
			isa = PBXShellScriptBuildPhase;
			buildActionMask = 2147483647;
			files = (
			);
			inputFileListPaths = (
				"${PODS_ROOT}/Target Support Files/Pods-Vaccination NG/Pods-Vaccination NG-frameworks-${CONFIGURATION}-input-files.xcfilelist",
			);
			name = "[CP] Embed Pods Frameworks";
			outputFileListPaths = (
				"${PODS_ROOT}/Target Support Files/Pods-Vaccination NG/Pods-Vaccination NG-frameworks-${CONFIGURATION}-output-files.xcfilelist",
			);
			runOnlyForDeploymentPostprocessing = 0;
			shellPath = /bin/sh;
			shellScript = "\"${PODS_ROOT}/Target Support Files/Pods-Vaccination NG/Pods-Vaccination NG-frameworks.sh\"\n";
			showEnvVarsInLog = 0;
		};
/* End PBXShellScriptBuildPhase section */

/* Begin PBXSourcesBuildPhase section */
		04C0DE702A6E74E300AC141A /* Sources */ = {
			isa = PBXSourcesBuildPhase;
			buildActionMask = 2147483647;
			files = (
				04C0DE7C2A6E74E300AC141A /* ViewController.swift in Sources */,
				04C7B5A42A71241E00084541 /* RegisterViewController.swift in Sources */,
				04D30D252A751C9600C8ABE2 /* String + Extension.swift in Sources */,
				04C0DE782A6E74E300AC141A /* AppDelegate.swift in Sources */,
				04D30D242A751C9600C8ABE2 /* UIViewController + Extension.swift in Sources */,
				04C0DE7A2A6E74E300AC141A /* SceneDelegate.swift in Sources */,
				04C7B5A12A711FCB00084541 /* Constants.swift in Sources */,
				04DB8C162A73B96A00E982EC /* HomeViewController.swift in Sources */,
				04D30D262A751C9600C8ABE2 /* UIAlertController + Extension.swift in Sources */,
			);
			runOnlyForDeploymentPostprocessing = 0;
		};
/* End PBXSourcesBuildPhase section */

/* Begin PBXVariantGroup section */
		04C0DE7D2A6E74E300AC141A /* Main.storyboard */ = {
			isa = PBXVariantGroup;
			children = (
				04C0DE7E2A6E74E300AC141A /* Base */,
			);
			name = Main.storyboard;
			sourceTree = "<group>";
		};
		04C0DE822A6E74E500AC141A /* LaunchScreen.storyboard */ = {
			isa = PBXVariantGroup;
			children = (
				04C0DE832A6E74E500AC141A /* Base */,
			);
			name = LaunchScreen.storyboard;
			sourceTree = "<group>";
		};
/* End PBXVariantGroup section */

/* Begin XCBuildConfiguration section */
		04C0DE862A6E74E500AC141A /* Debug */ = {
			isa = XCBuildConfiguration;
			buildSettings = {
				ALWAYS_SEARCH_USER_PATHS = NO;
				CLANG_ANALYZER_NONNULL = YES;
				CLANG_ANALYZER_NUMBER_OBJECT_CONVERSION = YES_AGGRESSIVE;
				CLANG_CXX_LANGUAGE_STANDARD = "gnu++20";
				CLANG_ENABLE_MODULES = YES;
				CLANG_ENABLE_OBJC_ARC = YES;
				CLANG_ENABLE_OBJC_WEAK = YES;
				CLANG_WARN_BLOCK_CAPTURE_AUTORELEASING = YES;
				CLANG_WARN_BOOL_CONVERSION = YES;
				CLANG_WARN_COMMA = YES;
				CLANG_WARN_CONSTANT_CONVERSION = YES;
				CLANG_WARN_DEPRECATED_OBJC_IMPLEMENTATIONS = YES;
				CLANG_WARN_DIRECT_OBJC_ISA_USAGE = YES_ERROR;
				CLANG_WARN_DOCUMENTATION_COMMENTS = YES;
				CLANG_WARN_EMPTY_BODY = YES;
				CLANG_WARN_ENUM_CONVERSION = YES;
				CLANG_WARN_INFINITE_RECURSION = YES;
				CLANG_WARN_INT_CONVERSION = YES;
				CLANG_WARN_NON_LITERAL_NULL_CONVERSION = YES;
				CLANG_WARN_OBJC_IMPLICIT_RETAIN_SELF = YES;
				CLANG_WARN_OBJC_LITERAL_CONVERSION = YES;
				CLANG_WARN_OBJC_ROOT_CLASS = YES_ERROR;
				CLANG_WARN_QUOTED_INCLUDE_IN_FRAMEWORK_HEADER = YES;
				CLANG_WARN_RANGE_LOOP_ANALYSIS = YES;
				CLANG_WARN_STRICT_PROTOTYPES = YES;
				CLANG_WARN_SUSPICIOUS_MOVE = YES;
				CLANG_WARN_UNGUARDED_AVAILABILITY = YES_AGGRESSIVE;
				CLANG_WARN_UNREACHABLE_CODE = YES;
				CLANG_WARN__DUPLICATE_METHOD_MATCH = YES;
				COPY_PHASE_STRIP = NO;
				DEBUG_INFORMATION_FORMAT = dwarf;
				ENABLE_STRICT_OBJC_MSGSEND = YES;
				ENABLE_TESTABILITY = YES;
				GCC_C_LANGUAGE_STANDARD = gnu11;
				GCC_DYNAMIC_NO_PIC = NO;
				GCC_NO_COMMON_BLOCKS = YES;
				GCC_OPTIMIZATION_LEVEL = 0;
				GCC_PREPROCESSOR_DEFINITIONS = (
					"DEBUG=1",
					"$(inherited)",
				);
				GCC_WARN_64_TO_32_BIT_CONVERSION = YES;
				GCC_WARN_ABOUT_RETURN_TYPE = YES_ERROR;
				GCC_WARN_UNDECLARED_SELECTOR = YES;
				GCC_WARN_UNINITIALIZED_AUTOS = YES_AGGRESSIVE;
				GCC_WARN_UNUSED_FUNCTION = YES;
				GCC_WARN_UNUSED_VARIABLE = YES;
				IPHONEOS_DEPLOYMENT_TARGET = 13.0;
				MTL_ENABLE_DEBUG_INFO = INCLUDE_SOURCE;
				MTL_FAST_MATH = YES;
				ONLY_ACTIVE_ARCH = YES;
				SDKROOT = iphoneos;
				SWIFT_ACTIVE_COMPILATION_CONDITIONS = DEBUG;
				SWIFT_OPTIMIZATION_LEVEL = "-Onone";
			};
			name = Debug;
		};
		04C0DE872A6E74E500AC141A /* Release */ = {
			isa = XCBuildConfiguration;
			buildSettings = {
				ALWAYS_SEARCH_USER_PATHS = NO;
				CLANG_ANALYZER_NONNULL = YES;
				CLANG_ANALYZER_NUMBER_OBJECT_CONVERSION = YES_AGGRESSIVE;
				CLANG_CXX_LANGUAGE_STANDARD = "gnu++20";
				CLANG_ENABLE_MODULES = YES;
				CLANG_ENABLE_OBJC_ARC = YES;
				CLANG_ENABLE_OBJC_WEAK = YES;
				CLANG_WARN_BLOCK_CAPTURE_AUTORELEASING = YES;
				CLANG_WARN_BOOL_CONVERSION = YES;
				CLANG_WARN_COMMA = YES;
				CLANG_WARN_CONSTANT_CONVERSION = YES;
				CLANG_WARN_DEPRECATED_OBJC_IMPLEMENTATIONS = YES;
				CLANG_WARN_DIRECT_OBJC_ISA_USAGE = YES_ERROR;
				CLANG_WARN_DOCUMENTATION_COMMENTS = YES;
				CLANG_WARN_EMPTY_BODY = YES;
				CLANG_WARN_ENUM_CONVERSION = YES;
				CLANG_WARN_INFINITE_RECURSION = YES;
				CLANG_WARN_INT_CONVERSION = YES;
				CLANG_WARN_NON_LITERAL_NULL_CONVERSION = YES;
				CLANG_WARN_OBJC_IMPLICIT_RETAIN_SELF = YES;
				CLANG_WARN_OBJC_LITERAL_CONVERSION = YES;
				CLANG_WARN_OBJC_ROOT_CLASS = YES_ERROR;
				CLANG_WARN_QUOTED_INCLUDE_IN_FRAMEWORK_HEADER = YES;
				CLANG_WARN_RANGE_LOOP_ANALYSIS = YES;
				CLANG_WARN_STRICT_PROTOTYPES = YES;
				CLANG_WARN_SUSPICIOUS_MOVE = YES;
				CLANG_WARN_UNGUARDED_AVAILABILITY = YES_AGGRESSIVE;
				CLANG_WARN_UNREACHABLE_CODE = YES;
				CLANG_WARN__DUPLICATE_METHOD_MATCH = YES;
				COPY_PHASE_STRIP = NO;
				DEBUG_INFORMATION_FORMAT = "dwarf-with-dsym";
				ENABLE_NS_ASSERTIONS = NO;
				ENABLE_STRICT_OBJC_MSGSEND = YES;
				GCC_C_LANGUAGE_STANDARD = gnu11;
				GCC_NO_COMMON_BLOCKS = YES;
				GCC_WARN_64_TO_32_BIT_CONVERSION = YES;
				GCC_WARN_ABOUT_RETURN_TYPE = YES_ERROR;
				GCC_WARN_UNDECLARED_SELECTOR = YES;
				GCC_WARN_UNINITIALIZED_AUTOS = YES_AGGRESSIVE;
				GCC_WARN_UNUSED_FUNCTION = YES;
				GCC_WARN_UNUSED_VARIABLE = YES;
				IPHONEOS_DEPLOYMENT_TARGET = 13.0;
				MTL_ENABLE_DEBUG_INFO = NO;
				MTL_FAST_MATH = YES;
				SDKROOT = iphoneos;
				SWIFT_COMPILATION_MODE = wholemodule;
				SWIFT_OPTIMIZATION_LEVEL = "-O";
				VALIDATE_PRODUCT = YES;
			};
			name = Release;
		};
		04C0DE892A6E74E500AC141A /* Debug */ = {
			isa = XCBuildConfiguration;
			baseConfigurationReference = 00A923966486975E617D8C43 /* Pods-Vaccination NG.debug.xcconfig */;
			buildSettings = {
				ASSETCATALOG_COMPILER_APPICON_NAME = AppIcon;
				ASSETCATALOG_COMPILER_GLOBAL_ACCENT_COLOR_NAME = AccentColor;
				CODE_SIGN_ENTITLEMENTS = "Vaccination NG/Vaccination NG.entitlements";
				CODE_SIGN_STYLE = Automatic;
				CURRENT_PROJECT_VERSION = 1;
				DEVELOPMENT_TEAM = GMD76W3HC8;
				GENERATE_INFOPLIST_FILE = YES;
				INFOPLIST_FILE = "Vaccination NG/Info.plist";
				INFOPLIST_KEY_UIApplicationSupportsIndirectInputEvents = YES;
				INFOPLIST_KEY_UILaunchStoryboardName = LaunchScreen;
				INFOPLIST_KEY_UIMainStoryboardFile = Main;
				INFOPLIST_KEY_UISupportedInterfaceOrientations_iPad = "UIInterfaceOrientationPortrait UIInterfaceOrientationPortraitUpsideDown UIInterfaceOrientationLandscapeLeft UIInterfaceOrientationLandscapeRight";
				INFOPLIST_KEY_UISupportedInterfaceOrientations_iPhone = "UIInterfaceOrientationPortrait UIInterfaceOrientationLandscapeLeft UIInterfaceOrientationLandscapeRight";
				IPHONEOS_DEPLOYMENT_TARGET = 13.0;
				LD_RUNPATH_SEARCH_PATHS = (
					"$(inherited)",
					"@executable_path/Frameworks",
				);
				MARKETING_VERSION = 1.0;
				PRODUCT_BUNDLE_IDENTIFIER = "com.bhavikjadav.Vaccination-NG";
				PRODUCT_NAME = "$(TARGET_NAME)";
				SWIFT_EMIT_LOC_STRINGS = YES;
				SWIFT_VERSION = 5.0;
				TARGETED_DEVICE_FAMILY = "1,2";
			};
			name = Debug;
		};
		04C0DE8A2A6E74E500AC141A /* Release */ = {
			isa = XCBuildConfiguration;
			baseConfigurationReference = 81A6529137B82992D77F5817 /* Pods-Vaccination NG.release.xcconfig */;
			buildSettings = {
				ASSETCATALOG_COMPILER_APPICON_NAME = AppIcon;
				ASSETCATALOG_COMPILER_GLOBAL_ACCENT_COLOR_NAME = AccentColor;
				CODE_SIGN_ENTITLEMENTS = "Vaccination NG/Vaccination NG.entitlements";
				CODE_SIGN_STYLE = Automatic;
				CURRENT_PROJECT_VERSION = 1;
				DEVELOPMENT_TEAM = GMD76W3HC8;
				GENERATE_INFOPLIST_FILE = YES;
				INFOPLIST_FILE = "Vaccination NG/Info.plist";
				INFOPLIST_KEY_UIApplicationSupportsIndirectInputEvents = YES;
				INFOPLIST_KEY_UILaunchStoryboardName = LaunchScreen;
				INFOPLIST_KEY_UIMainStoryboardFile = Main;
				INFOPLIST_KEY_UISupportedInterfaceOrientations_iPad = "UIInterfaceOrientationPortrait UIInterfaceOrientationPortraitUpsideDown UIInterfaceOrientationLandscapeLeft UIInterfaceOrientationLandscapeRight";
				INFOPLIST_KEY_UISupportedInterfaceOrientations_iPhone = "UIInterfaceOrientationPortrait UIInterfaceOrientationLandscapeLeft UIInterfaceOrientationLandscapeRight";
				IPHONEOS_DEPLOYMENT_TARGET = 13.0;
				LD_RUNPATH_SEARCH_PATHS = (
					"$(inherited)",
					"@executable_path/Frameworks",
				);
				MARKETING_VERSION = 1.0;
				PRODUCT_BUNDLE_IDENTIFIER = "com.bhavikjadav.Vaccination-NG";
				PRODUCT_NAME = "$(TARGET_NAME)";
				SWIFT_EMIT_LOC_STRINGS = YES;
				SWIFT_VERSION = 5.0;
				TARGETED_DEVICE_FAMILY = "1,2";
			};
			name = Release;
		};
/* End XCBuildConfiguration section */

/* Begin XCConfigurationList section */
		04C0DE6F2A6E74E300AC141A /* Build configuration list for PBXProject "Vaccination NG" */ = {
			isa = XCConfigurationList;
			buildConfigurations = (
				04C0DE862A6E74E500AC141A /* Debug */,
				04C0DE872A6E74E500AC141A /* Release */,
			);
			defaultConfigurationIsVisible = 0;
			defaultConfigurationName = Release;
		};
		04C0DE882A6E74E500AC141A /* Build configuration list for PBXNativeTarget "Vaccination NG" */ = {
			isa = XCConfigurationList;
			buildConfigurations = (
				04C0DE892A6E74E500AC141A /* Debug */,
				04C0DE8A2A6E74E500AC141A /* Release */,
			);
			defaultConfigurationIsVisible = 0;
			defaultConfigurationName = Release;
		};
/* End XCConfigurationList section */

/* Begin XCRemoteSwiftPackageReference section */
		04BF4F272A73E98700FB048B /* XCRemoteSwiftPackageReference "IQKeyboardManager" */ = {
			isa = XCRemoteSwiftPackageReference;
			repositoryURL = "https://github.com/hackiftekhar/IQKeyboardManager";
			requirement = {
				kind = upToNextMajorVersion;
				minimumVersion = 6.0.0;
			};
		};
		04D30D272A75302C00C8ABE2 /* XCRemoteSwiftPackageReference "ProgressHUD" */ = {
			isa = XCRemoteSwiftPackageReference;
			repositoryURL = "https://github.com/relatedcode/ProgressHUD.git";
			requirement = {
				kind = upToNextMajorVersion;
				minimumVersion = 13.0.0;
			};
		};
		04DB8C192A73C14000E982EC /* XCRemoteSwiftPackageReference "firebase-ios-sdk" */ = {
			isa = XCRemoteSwiftPackageReference;
			repositoryURL = "https://github.com/firebase/firebase-ios-sdk";
			requirement = {
				kind = upToNextMajorVersion;
				minimumVersion = 10.0.0;
			};
		};
/* End XCRemoteSwiftPackageReference section */

/* Begin XCSwiftPackageProductDependency section */
		04BF4F282A73E98700FB048B /* IQKeyboardManagerSwift */ = {
			isa = XCSwiftPackageProductDependency;
			package = 04BF4F272A73E98700FB048B /* XCRemoteSwiftPackageReference "IQKeyboardManager" */;
			productName = IQKeyboardManagerSwift;
		};
		04D30D282A75302D00C8ABE2 /* ProgressHUD */ = {
			isa = XCSwiftPackageProductDependency;
			package = 04D30D272A75302C00C8ABE2 /* XCRemoteSwiftPackageReference "ProgressHUD" */;
			productName = ProgressHUD;
		};
		04DB8C1A2A73C14000E982EC /* FirebaseAuth */ = {
			isa = XCSwiftPackageProductDependency;
			package = 04DB8C192A73C14000E982EC /* XCRemoteSwiftPackageReference "firebase-ios-sdk" */;
			productName = FirebaseAuth;
		};
		04DB8C1C2A73C14000E982EC /* FirebaseFirestore */ = {
			isa = XCSwiftPackageProductDependency;
			package = 04DB8C192A73C14000E982EC /* XCRemoteSwiftPackageReference "firebase-ios-sdk" */;
			productName = FirebaseFirestore;
		};
/* End XCSwiftPackageProductDependency section */
	};
	rootObject = 04C0DE6C2A6E74E300AC141A /* Project object */;
}
